[{<<"bear">>,
  {git,"git://github.com/boundary/bear.git",
       {ref,"119234548783af19b8ec75c879c5062676b92571"}},
  3},
 {<<"exometer_core">>,
  {git,"git://github.com/Feuerlabs/exometer_core.git",
       {ref,"09c2a9361c0295c977e441ef89382db964a64460"}},
  1},
 {<<"exometer_fs">>,
  {git,"https://github.com/erlang-mas/exometer-fs.git",
       {ref,"566b057d171cef6896fd54602e4d8549e0b99194"}},
  0},
 {<<"folsom">>,
  {git,"git://github.com/folsom-project/folsom",
       {ref,"38e2cce7c64ce1f0a3a918d90394cfc0a940b1ba"}},
  2},
 {<<"hut">>,
  {git,"git://github.com/tolbrino/hut.git",
       {ref,"89b0e96b9267bb4e4939fb3298f41bf0246c517a"}},
  2},
 {<<"mas">>,
  {git,"https://github.com/erlang-mas/mas.git",
       {ref,"eab24eb8e4b0e81210c54bfabbe20b912f5e6ba8"}},
  0},
 {<<"meck">>,
  {git,"git://github.com/eproxus/meck.git",
       {ref,"70d6a33ce7407029dc59e22a5b3c1c61c1348b23"}},
  2},
 {<<"parse_trans">>,
  {git,"git://github.com/uwiger/parse_trans.git",
       {ref,"6f3645afb43c7c57d61b54ef59aecab288ce1013"}},
  2},
 {<<"setup">>,
  {git,"git://github.com/uwiger/setup.git",
       {ref,"e4a089f743505f1166e026c51989f041da7b2f6d"}},
  2}].
